
Microsoft Visual Studio Solution File, Format Version 12.00
# Visual Studio Version 16
VisualStudioVersion = 16.0.30907.101
MinimumVisualStudioVersion = 10.0.40219.1
Project("{9A19103F-16F7-4668-BE54-9A1E7A4F7556}") = "Guess a Number", "Example\Guess a Number.csproj", "{2A69D969-B267-48B1-A859-ED6D54F070A1}"
EndProject
Project("{9A19103F-16F7-4668-BE54-9A1E7A4F7556}") = "Collections_In_Class", "Collections_In_Class\Collections_In_Class.csproj", "{2C10C1DC-4371-4FD8-B03E-5C280FF9AA62}"
EndProject
Project("{9A19103F-16F7-4668-BE54-9A1E7A4F7556}") = "P_String_Manipulation", "P_String_Manipulation\P_String_Manipulation.csproj", "{F437481E-C93E-4E8D-8CBB-E1A56BC2AB9D}"
EndProject
Project("{9A19103F-16F7-4668-BE54-9A1E7A4F7556}") = "Coin Flip Midterm Study", "Coin Flip Midterm Study\Coin Flip Midterm Study.csproj", "{C89FFCB8-B09C-4228-9D69-8336488D994D}"
EndProject
Project("{9A19103F-16F7-4668-BE54-9A1E7A4F7556}") = "Guess a Number Midterm Study", "Guess a Number Midterm Study\Guess a Number Midterm Study.csproj", "{C045A2CD-4DE6-44B8-A42E-ABDAE4FF8924}"
EndProject
Project("{9A19103F-16F7-4668-BE54-9A1E7A4F7556}") = "String_Manipulation Midterm Study", "String_Manipulation Midterm Study\String_Manipulation Midterm Study.csproj", "{FB2FA7B9-27A1-40DC-9AB1-4122CED9AC64}"
EndProject
Project("{FAE04EC0-301F-11D3-BF4B-00C04F79EFBC}") = "Collections_Min_Max_Avg_Mode", "Collections_Min_Max_Avg_Mode\Collections_Min_Max_Avg_Mode.csproj", "{2B6AF584-60CB-408E-95B7-5B00E74EE89E}"
EndProject
Global
	GlobalSection(SolutionConfigurationPlatforms) = preSolution
		Debug|Any CPU = Debug|Any CPU
		Release|Any CPU = Release|Any CPU
	EndGlobalSection
	GlobalSection(ProjectConfigurationPlatforms) = postSolution
		{2A69D969-B267-48B1-A859-ED6D54F070A1}.Debug|Any CPU.ActiveCfg = Debug|Any CPU
		{2A69D969-B267-48B1-A859-ED6D54F070A1}.Debug|Any CPU.Build.0 = Debug|Any CPU
		{2A69D969-B267-48B1-A859-ED6D54F070A1}.Release|Any CPU.ActiveCfg = Release|Any CPU
		{2A69D969-B267-48B1-A859-ED6D54F070A1}.Release|Any CPU.Build.0 = Release|Any CPU
		{2C10C1DC-4371-4FD8-B03E-5C280FF9AA62}.Debug|Any CPU.ActiveCfg = Debug|Any CPU
		{2C10C1DC-4371-4FD8-B03E-5C280FF9AA62}.Debug|Any CPU.Build.0 = Debug|Any CPU
		{2C10C1DC-4371-4FD8-B03E-5C280FF9AA62}.Release|Any CPU.ActiveCfg = Release|Any CPU
		{2C10C1DC-4371-4FD8-B03E-5C280FF9AA62}.Release|Any CPU.Build.0 = Release|Any CPU
		{F437481E-C93E-4E8D-8CBB-E1A56BC2AB9D}.Debug|Any CPU.ActiveCfg = Debug|Any CPU
		{F437481E-C93E-4E8D-8CBB-E1A56BC2AB9D}.Debug|Any CPU.Build.0 = Debug|Any CPU
		{F437481E-C93E-4E8D-8CBB-E1A56BC2AB9D}.Release|Any CPU.ActiveCfg = Release|Any CPU
		{F437481E-C93E-4E8D-8CBB-E1A56BC2AB9D}.Release|Any CPU.Build.0 = Release|Any CPU
		{C89FFCB8-B09C-4228-9D69-8336488D994D}.Debug|Any CPU.ActiveCfg = Debug|Any CPU
		{C89FFCB8-B09C-4228-9D69-8336488D994D}.Debug|Any CPU.Build.0 = Debug|Any CPU
		{C89FFCB8-B09C-4228-9D69-8336488D994D}.Release|Any CPU.ActiveCfg = Release|Any CPU
		{C89FFCB8-B09C-4228-9D69-8336488D994D}.Release|Any CPU.Build.0 = Release|Any CPU
		{C045A2CD-4DE6-44B8-A42E-ABDAE4FF8924}.Debug|Any CPU.ActiveCfg = Debug|Any CPU
		{C045A2CD-4DE6-44B8-A42E-ABDAE4FF8924}.Debug|Any CPU.Build.0 = Debug|Any CPU
		{C045A2CD-4DE6-44B8-A42E-ABDAE4FF8924}.Release|Any CPU.ActiveCfg = Release|Any CPU
		{C045A2CD-4DE6-44B8-A42E-ABDAE4FF8924}.Release|Any CPU.Build.0 = Release|Any CPU
		{FB2FA7B9-27A1-40DC-9AB1-4122CED9AC64}.Debug|Any CPU.ActiveCfg = Debug|Any CPU
		{FB2FA7B9-27A1-40DC-9AB1-4122CED9AC64}.Debug|Any CPU.Build.0 = Debug|Any CPU
		{FB2FA7B9-27A1-40DC-9AB1-4122CED9AC64}.Release|Any CPU.ActiveCfg = Release|Any CPU
		{FB2FA7B9-27A1-40DC-9AB1-4122CED9AC64}.Release|Any CPU.Build.0 = Release|Any CPU
		{2B6AF584-60CB-408E-95B7-5B00E74EE89E}.Debug|Any CPU.ActiveCfg = Debug|Any CPU
		{2B6AF584-60CB-408E-95B7-5B00E74EE89E}.Debug|Any CPU.Build.0 = Debug|Any CPU
		{2B6AF584-60CB-408E-95B7-5B00E74EE89E}.Release|Any CPU.ActiveCfg = Release|Any CPU
		{2B6AF584-60CB-408E-95B7-5B00E74EE89E}.Release|Any CPU.Build.0 = Release|Any CPU
	EndGlobalSection
	GlobalSection(SolutionProperties) = preSolution
		HideSolutionNode = FALSE
	EndGlobalSection
	GlobalSection(ExtensibilityGlobals) = postSolution
		SolutionGuid = {F753E5E9-F4C7-448D-8389-810587396B61}
	EndGlobalSection
EndGlobal
